{
  "name": "bike-computer",
  "lockfileVersion": 2,
  "requires": true,
  "packages": {
    "": {
      "dependencies": {
        "@xpack-dev-tools/arm-none-eabi-gcc": "^12.3.1-1.2.1"
      }
    },
    "node_modules/@xpack-dev-tools/arm-none-eabi-gcc": {
      "version": "12.3.1-1.2.1",
      "resolved": "https://registry.npmjs.org/@xpack-dev-tools/arm-none-eabi-gcc/-/arm-none-eabi-gcc-12.3.1-1.2.1.tgz",
      "integrity": "sha512-nt+Xz2M2ly/k6P5eLKY2lPXDG3gKCvDasaX3RF9YichwsOZ5iOFpr5T70DOEAb0aOMi/cDcame8bbMxi3d59AQ=="
    }
  },
  "dependencies": {
    "@xpack-dev-tools/arm-none-eabi-gcc": {
      "version": "12.3.1-1.2.1",
      "resolved": "https://registry.npmjs.org/@xpack-dev-tools/arm-none-eabi-gcc/-/arm-none-eabi-gcc-12.3.1-1.2.1.tgz",
      "integrity": "sha512-nt+Xz2M2ly/k6P5eLKY2lPXDG3gKCvDasaX3RF9YichwsOZ5iOFpr5T70DOEAb0aOMi/cDcame8bbMxi3d59AQ=="
    }
  }
}
